
Microsoft Visual Studio Solution File, Format Version 12.00
# Visual Studio Version 17
VisualStudioVersion = 17.11.35327.3
MinimumVisualStudioVersion = 10.0.40219.1
Project("{888888A0-9F3D-457C-B088-3A5042F75D52}") = "PythonAckermann", "PythonAckermann\PythonAckermann.pyproj", "{8BB1AA90-63C1-4F6F-A5D8-AD130C1E2915}"
EndProject
Global
	GlobalSection(SolutionConfigurationPlatforms) = preSolution
		Debug|Any CPU = Debug|Any CPU
		Release|Any CPU = Release|Any CPU
	EndGlobalSection
	GlobalSection(ProjectConfigurationPlatforms) = postSolution
		{8BB1AA90-63C1-4F6F-A5D8-AD130C1E2915}.Debug|Any CPU.ActiveCfg = Debug|Any CPU
		{8BB1AA90-63C1-4F6F-A5D8-AD130C1E2915}.Release|Any CPU.ActiveCfg = Release|Any CPU
	EndGlobalSection
	GlobalSection(SolutionProperties) = preSolution
		HideSolutionNode = FALSE
	EndGlobalSection
	GlobalSection(ExtensibilityGlobals) = postSolution
		SolutionGuid = {A9123563-CDCC-4A2E-9C4D-25D469B16ACA}
	EndGlobalSection
EndGlobal
